
Microsoft Visual Studio Solution File, Format Version 12.00
# Visual Studio Version 17
VisualStudioVersion = 17.8.34330.188
MinimumVisualStudioVersion = 10.0.40219.1
Project("{FAE04EC0-301F-11D3-BF4B-00C04F79EFBC}") = "Project3_stock", "WindowsFormsApp1\Project3_stock.csproj", "{E76A0298-F235-4351-AC44-107DC700781D}"
EndProject
Global
	GlobalSection(SolutionConfigurationPlatforms) = preSolution
		Debug|Any CPU = Debug|Any CPU
		Release|Any CPU = Release|Any CPU
	EndGlobalSection
	GlobalSection(ProjectConfigurationPlatforms) = postSolution
		{E76A0298-F235-4351-AC44-107DC700781D}.Debug|Any CPU.ActiveCfg = Debug|Any CPU
		{E76A0298-F235-4351-AC44-107DC700781D}.Debug|Any CPU.Build.0 = Debug|Any CPU
		{E76A0298-F235-4351-AC44-107DC700781D}.Release|Any CPU.ActiveCfg = Release|Any CPU
		{E76A0298-F235-4351-AC44-107DC700781D}.Release|Any CPU.Build.0 = Release|Any CPU
	EndGlobalSection
	GlobalSection(SolutionProperties) = preSolution
		HideSolutionNode = FALSE
	EndGlobalSection
	GlobalSection(ExtensibilityGlobals) = postSolution
		SolutionGuid = {4F4096AF-2086-4544-9C87-1D2E7968661A}
	EndGlobalSection
EndGlobal
